
Microsoft Visual Studio Solution File, Format Version 12.00
# Visual Studio Version 17
VisualStudioVersion = 17.11.35222.181
MinimumVisualStudioVersion = 10.0.40219.1
Project("{9A19103F-16F7-4668-BE54-9A1E7A4F7556}") = "Proyecto_Licorera_Corchos.web", "Proyecto_Licorera_Corchos.web\Proyecto_Licorera_Corchos.web.csproj", "{1096A779-B4C5-4E3A-9473-53CADFE3AB13}"
EndProject
Global
	GlobalSection(SolutionConfigurationPlatforms) = preSolution
		Debug|Any CPU = Debug|Any CPU
		Release|Any CPU = Release|Any CPU
	EndGlobalSection
	GlobalSection(ProjectConfigurationPlatforms) = postSolution
		{1096A779-B4C5-4E3A-9473-53CADFE3AB13}.Debug|Any CPU.ActiveCfg = Debug|Any CPU
		{1096A779-B4C5-4E3A-9473-53CADFE3AB13}.Debug|Any CPU.Build.0 = Debug|Any CPU
		{1096A779-B4C5-4E3A-9473-53CADFE3AB13}.Release|Any CPU.ActiveCfg = Release|Any CPU
		{1096A779-B4C5-4E3A-9473-53CADFE3AB13}.Release|Any CPU.Build.0 = Release|Any CPU
	EndGlobalSection
	GlobalSection(SolutionProperties) = preSolution
		HideSolutionNode = FALSE
	EndGlobalSection
	GlobalSection(ExtensibilityGlobals) = postSolution
		SolutionGuid = {6FDCAF25-39B1-41D5-AB41-C6E8DED35BAA}
	EndGlobalSection
EndGlobal
